
Microsoft Visual Studio Solution File, Format Version 12.00
# Visual Studio Version 16
VisualStudioVersion = 16.0.32228.343
MinimumVisualStudioVersion = 10.0.40219.1
Project("{FAE04EC0-301F-11D3-BF4B-00C04F79EFBC}") = "StorageLocationManager", "StorageLocationManager\StorageLocationManager.csproj", "{DE69E1D0-E432-4ECC-8FC0-46E76E7D6CF8}"
EndProject
Project("{FAE04EC0-301F-11D3-BF4B-00C04F79EFBC}") = "ViewModel", "ViewModel\ViewModel.csproj", "{073B3721-87AB-4C1C-99DA-96AFE99A3462}"
EndProject
Project("{FAE04EC0-301F-11D3-BF4B-00C04F79EFBC}") = "Model", "Model\Model.csproj", "{A5D48FDC-AFE1-4B1E-97CE-BAE68614D022}"
EndProject
Project("{FAE04EC0-301F-11D3-BF4B-00C04F79EFBC}") = "Application", "Application\Application.csproj", "{6450675C-D131-4FBC-9076-51A8A23EC029}"
EndProject
Project("{FAE04EC0-301F-11D3-BF4B-00C04F79EFBC}") = "Repository", "Repository\Repository.csproj", "{D6F94403-48B2-4366-9A80-5E81DE03B248}"
EndProject
Global
	GlobalSection(SolutionConfigurationPlatforms) = preSolution
		Debug|Any CPU = Debug|Any CPU
		Release|Any CPU = Release|Any CPU
	EndGlobalSection
	GlobalSection(ProjectConfigurationPlatforms) = postSolution
		{DE69E1D0-E432-4ECC-8FC0-46E76E7D6CF8}.Debug|Any CPU.ActiveCfg = Debug|Any CPU
		{DE69E1D0-E432-4ECC-8FC0-46E76E7D6CF8}.Debug|Any CPU.Build.0 = Debug|Any CPU
		{DE69E1D0-E432-4ECC-8FC0-46E76E7D6CF8}.Release|Any CPU.ActiveCfg = Release|Any CPU
		{DE69E1D0-E432-4ECC-8FC0-46E76E7D6CF8}.Release|Any CPU.Build.0 = Release|Any CPU
		{073B3721-87AB-4C1C-99DA-96AFE99A3462}.Debug|Any CPU.ActiveCfg = Debug|Any CPU
		{073B3721-87AB-4C1C-99DA-96AFE99A3462}.Debug|Any CPU.Build.0 = Debug|Any CPU
		{073B3721-87AB-4C1C-99DA-96AFE99A3462}.Release|Any CPU.ActiveCfg = Release|Any CPU
		{073B3721-87AB-4C1C-99DA-96AFE99A3462}.Release|Any CPU.Build.0 = Release|Any CPU
		{A5D48FDC-AFE1-4B1E-97CE-BAE68614D022}.Debug|Any CPU.ActiveCfg = Debug|Any CPU
		{A5D48FDC-AFE1-4B1E-97CE-BAE68614D022}.Debug|Any CPU.Build.0 = Debug|Any CPU
		{A5D48FDC-AFE1-4B1E-97CE-BAE68614D022}.Release|Any CPU.ActiveCfg = Release|Any CPU
		{A5D48FDC-AFE1-4B1E-97CE-BAE68614D022}.Release|Any CPU.Build.0 = Release|Any CPU
		{6450675C-D131-4FBC-9076-51A8A23EC029}.Debug|Any CPU.ActiveCfg = Debug|Any CPU
		{6450675C-D131-4FBC-9076-51A8A23EC029}.Debug|Any CPU.Build.0 = Debug|Any CPU
		{6450675C-D131-4FBC-9076-51A8A23EC029}.Release|Any CPU.ActiveCfg = Release|Any CPU
		{6450675C-D131-4FBC-9076-51A8A23EC029}.Release|Any CPU.Build.0 = Release|Any CPU
		{D6F94403-48B2-4366-9A80-5E81DE03B248}.Debug|Any CPU.ActiveCfg = Debug|Any CPU
		{D6F94403-48B2-4366-9A80-5E81DE03B248}.Debug|Any CPU.Build.0 = Debug|Any CPU
		{D6F94403-48B2-4366-9A80-5E81DE03B248}.Release|Any CPU.ActiveCfg = Release|Any CPU
		{D6F94403-48B2-4366-9A80-5E81DE03B248}.Release|Any CPU.Build.0 = Release|Any CPU
	EndGlobalSection
	GlobalSection(SolutionProperties) = preSolution
		HideSolutionNode = FALSE
	EndGlobalSection
	GlobalSection(ExtensibilityGlobals) = postSolution
		SolutionGuid = {371248AB-6A7C-408D-8375-685B518FC33C}
	EndGlobalSection
EndGlobal
